
Microsoft Visual Studio Solution File, Format Version 12.00
# Visual Studio Version 16
VisualStudioVersion = 16.0.29613.14
MinimumVisualStudioVersion = 10.0.40219.1
Project("{FAE04EC0-301F-11D3-BF4B-00C04F79EFBC}") = "AceInsPepscProxy", "AceInsPepscProxy\AceInsPepscProxy.csproj", "{C5E29F92-D87A-4D6D-89A1-30342B5F3338}"
EndProject
Project("{FAE04EC0-301F-11D3-BF4B-00C04F79EFBC}") = "AceInsPepscProxy.Tests", "AceInsPepscProxy.Tests\AceInsPepscProxy.Tests.csproj", "{3A224828-5962-4AAE-9CB6-C17AE11639EC}"
EndProject
Global
	GlobalSection(SolutionConfigurationPlatforms) = preSolution
		Debug|Any CPU = Debug|Any CPU
		Release|Any CPU = Release|Any CPU
	EndGlobalSection
	GlobalSection(ProjectConfigurationPlatforms) = postSolution
		{C5E29F92-D87A-4D6D-89A1-30342B5F3338}.Debug|Any CPU.ActiveCfg = Debug|Any CPU
		{C5E29F92-D87A-4D6D-89A1-30342B5F3338}.Debug|Any CPU.Build.0 = Debug|Any CPU
		{C5E29F92-D87A-4D6D-89A1-30342B5F3338}.Release|Any CPU.ActiveCfg = Release|Any CPU
		{C5E29F92-D87A-4D6D-89A1-30342B5F3338}.Release|Any CPU.Build.0 = Release|Any CPU
		{3A224828-5962-4AAE-9CB6-C17AE11639EC}.Debug|Any CPU.ActiveCfg = Debug|Any CPU
		{3A224828-5962-4AAE-9CB6-C17AE11639EC}.Debug|Any CPU.Build.0 = Debug|Any CPU
		{3A224828-5962-4AAE-9CB6-C17AE11639EC}.Release|Any CPU.ActiveCfg = Release|Any CPU
		{3A224828-5962-4AAE-9CB6-C17AE11639EC}.Release|Any CPU.Build.0 = Release|Any CPU
	EndGlobalSection
	GlobalSection(SolutionProperties) = preSolution
		HideSolutionNode = FALSE
	EndGlobalSection
	GlobalSection(ExtensibilityGlobals) = postSolution
		SolutionGuid = {E60335A2-21E3-4008-82FC-72ED735AF2F2}
	EndGlobalSection
EndGlobal
